// !$*UTF8*$!
{
	archiveVersion = 1;
	classes = {
	};
	objectVersion = 56;
	objects = {
		0550D1C5FFB6EB721F13ED40 = {isa = PBXFileReference; lastKnownFileType = sourcecode.swift; path = ItemIcons.swift; sourceTree = "<group>"; };
		059B4902FCCDF9C76E07C689 = {isa = PBXFileReference; lastKnownFileType = sourcecode.swift; path = CharacterRig.swift; sourceTree = "<group>"; };
		08DA56EB35E23AE0801F3D95 = {isa = PBXProject; attributes = {BuildIndependentTargetsInParallel = 1; LastSwiftUpdateCheck = 1500; LastUpgradeCheck = 1500; TargetAttributes = {10B3ACC464CA3CDD3FFBDD70 = {CreatedOnToolsVersion = 15.0; }; }; }; buildConfigurationList = A1806D8FE767B99D399E13F3; compatibilityVersion = "Xcode 14.0"; developmentRegion = en; hasScannedForEncodings = 0; knownRegions = (en, Base); mainGroup = 4EAE695AD1F489F78EA3E1C6; productRefGroup = 2AC8BA37DAC32D5437812408; projectDirPath = ""; projectRoot = ""; targets = (10B3ACC464CA3CDD3FFBDD70); };
		0E57EAB75C0EAD58D868AEDE = {isa = PBXFileReference; lastKnownFileType = sourcecode.swift; path = Environment.swift; sourceTree = "<group>"; };
		10B3ACC464CA3CDD3FFBDD70 = {isa = PBXNativeTarget; buildConfigurationList = FF064009BFBAE8E986428C4F; buildPhases = (C4D5163706E5908DC9E032F3, C18F88D444D8FE65E18D39E9, 4FDAD6DB49035FA75C21467D); buildRules = (); dependencies = (); name = Ashvale; productName = Ashvale; productReference = F5BF48AA40CAD7891EB709FC; productType = "com.apple.product-type.application"; };
		1349E9232C11C8CA299A52C2 = {isa = PBXFileReference; lastKnownFileType = text.plist.xml; path = Info.plist; sourceTree = "<group>"; };
		14E3FF76CF3A6B0104930B7F = {isa = PBXGroup; children = (20111265D019718EA8143FF2, A3394091DC9F8D98603FDEB5, 99E79D3AEA9B93334BE5F228, DCB6D8DA7560A2F3B54C1725, FEECA1D604CB64AF3740596E, 85B1A27296C093411E687733, 56C91A2872FEC1CC7C210E7A, F760B41330C62EF8E4BF6D2D, ABB7AF93E292AE00497DACBB, 79C04FA19A4070207322C976, C3A65B665A262600F22D1931, 33570F21A5B3120640980B82); path = World; sourceTree = "<group>"; };
		15FF83B2F6609227468FC32A = {isa = PBXBuildFile; fileRef = 187B6CA45CDA678842C6DA9B /* AppDelegate.swift */; };
		172135D3C03127B46788629F = {isa = PBXGroup; children = (450E8BF89DF74F8A59D6A5E5, 1FB181304863C00441BEE154, B330996D203EC41DEA9A6579, D71D75F3AC0634914D984E98); path = Items; sourceTree = "<group>"; };
		178EF82085F6AE78E2759C7A = {isa = PBXFileReference; lastKnownFileType = sourcecode.swift; path = PlayerController.swift; sourceTree = "<group>"; };
		187B6CA45CDA678842C6DA9B = {isa = PBXFileReference; lastKnownFileType = sourcecode.swift; path = AppDelegate.swift; sourceTree = "<group>"; };
		196A56440253CC63C09C0BE9 = {isa = PBXBuildFile; fileRef = FD47D864D01C7517BB0203EE /* Renderer.swift */; };
		1B086423224ADE61952916EF = {isa = PBXBuildFile; fileRef = B5CB0F32F33C37DE4DBDFA79 /* MenuViews.swift */; };
		1CABC44BC8F30A1282A6B7AE = {isa = PBXBuildFile; fileRef = 72AA42C1FE0A188891611E5A /* Particles.swift */; };
		1DAE09A7ED8A45C08A653838 = {isa = PBXFileReference; lastKnownFileType = sourcecode.swift; path = SceneDelegate.swift; sourceTree = "<group>"; };
		1E7BF12D3B6E3240F6B7E375 = {isa = PBXFileReference; lastKnownFileType = sourcecode.swift; path = Survival.swift; sourceTree = "<group>"; };
		1FB181304863C00441BEE154 = {isa = PBXFileReference; lastKnownFileType = sourcecode.swift; path = ItemDefs.swift; sourceTree = "<group>"; };
		1FE5B80959EB50CB9A6802B5 = {isa = PBXFileReference; lastKnownFileType = sourcecode.swift; path = TouchControls.swift; sourceTree = "<group>"; };
		20111265D019718EA8143FF2 = {isa = PBXFileReference; lastKnownFileType = sourcecode.swift; path = BuildingKit.swift; sourceTree = "<group>"; };
		219124689EBA905EA819C200 = {isa = PBXFileReference; lastKnownFileType = sourcecode.swift; path = Geometry.swift; sourceTree = "<group>"; };
		230D832E24A5D8146CDFCC1E = {isa = PBXBuildFile; fileRef = A3394091DC9F8D98603FDEB5 /* BuildingTypes.swift */; };
		267AEBE1BACFD8AB573455B5 = {isa = PBXGroup; children = (187B6CA45CDA678842C6DA9B, 1349E9232C11C8CA299A52C2, 1DAE09A7ED8A45C08A653838); path = App; sourceTree = "<group>"; };
		2AC8BA37DAC32D5437812408 = {isa = PBXGroup; children = (F5BF48AA40CAD7891EB709FC); name = Products; sourceTree = "<group>"; };
		33570F21A5B3120640980B82 = {isa = PBXFileReference; lastKnownFileType = sourcecode.swift; path = WorldTypes.swift; sourceTree = "<group>"; };
		343447EB268B283A9C47A954 = {isa = PBXFileReference; lastKnownFileType = sourcecode.swift; path = Input.swift; sourceTree = "<group>"; };
		353BBAA7F6FD8012D98575C7 = {isa = PBXBuildFile; fileRef = 20111265D019718EA8143FF2 /* BuildingKit.swift */; };
		35D8328ECE55631FAE6AC23B = {isa = PBXGroup; children = (99417AE3BA74B3D532B21108, 059B4902FCCDF9C76E07C689, 4AB2A11BA656AC37852DBB97, 178EF82085F6AE78E2759C7A, 1E7BF12D3B6E3240F6B7E375); path = Entities; sourceTree = "<group>"; };
		375C1AC18D9A4E3E41E0459B = {isa = PBXFileReference; lastKnownFileType = sourcecode.swift; path = Theme.swift; sourceTree = "<group>"; };
		40F112C2814ABC81B433C769 = {isa = PBXGroup; children = (4716FE163C88C0B1D264D0B5, FD47D864D01C7517BB0203EE); path = Render; sourceTree = "<group>"; };
		41EC14BFA61A85B336E4F999 = {isa = XCBuildConfiguration; buildSettings = {ASSETCATALOG_COMPILER_APPICON_NAME = AppIcon; CODE_SIGN_STYLE = Automatic; CURRENT_PROJECT_VERSION = 1; DEVELOPMENT_TEAM = ""; ENABLE_PREVIEWS = NO; GENERATE_INFOPLIST_FILE = NO; INFOPLIST_FILE = Ashvale/App/Info.plist; IPHONEOS_DEPLOYMENT_TARGET = 16.0; LD_RUNPATH_SEARCH_PATHS = ("$(inherited)", "@executable_path/Frameworks"); MARKETING_VERSION = 0.1; PRODUCT_BUNDLE_IDENTIFIER = com.dvirgolan123.ashvale; PRODUCT_NAME = "$(TARGET_NAME)"; SDKROOT = iphoneos; SUPPORTED_PLATFORMS = "iphoneos iphonesimulator"; SUPPORTS_MACCATALYST = NO; SUPPORTS_MAC_DESIGNED_FOR_IPHONE_IPAD = NO; SUPPORTS_XR_DESIGNED_FOR_IPHONE_IPAD = NO; SWIFT_EMIT_LOC_STRINGS = NO; SWIFT_VERSION = 5.0; TARGETED_DEVICE_FAMILY = 1;}; name = Debug; };
		41EFDE766E814C51CA45CD53 = {isa = PBXBuildFile; fileRef = 84BB5B85AF892E3883E288D1 /* GameItems.swift */; };
		4318AA3EB565C91A40491636 = {isa = PBXBuildFile; fileRef = 4AB2A11BA656AC37852DBB97 /* Player.swift */; };
		4356B27567F18835AF1633A2 = {isa = PBXGroup; children = (267AEBE1BACFD8AB573455B5, 8BFB934BFB2BCC8CB3E2A4A6, 647E7164A06FF71518326D10, 35D8328ECE55631FAE6AC23B, 172135D3C03127B46788629F, 40F112C2814ABC81B433C769, F4F17781E5A1B69C46CAC125, ACEB1368B8DC6E883C489FEE, 93358AF56E92CA6AD01F1970, 14E3FF76CF3A6B0104930B7F, DCE498C0536AFA6C6A77EB68); path = Ashvale; sourceTree = "<group>"; };
		450E8BF89DF74F8A59D6A5E5 = {isa = PBXFileReference; lastKnownFileType = sourcecode.swift; path = Inventory.swift; sourceTree = "<group>"; };
		4716FE163C88C0B1D264D0B5 = {isa = PBXFileReference; lastKnownFileType = sourcecode.swift; path = GPUResources.swift; sourceTree = "<group>"; };
		4AB2A11BA656AC37852DBB97 = {isa = PBXFileReference; lastKnownFileType = sourcecode.swift; path = Player.swift; sourceTree = "<group>"; };
		4EAE695AD1F489F78EA3E1C6 = {isa = PBXGroup; children = (4356B27567F18835AF1633A2, 2AC8BA37DAC32D5437812408); sourceTree = "<group>"; };
		4FDAD6DB49035FA75C21467D = {isa = PBXResourcesBuildPhase; buildActionMask = 2147483647; files = (B0237D3616875AAE4DBEE4A3 /* Assets.xcassets in Resources */); runOnlyForDeploymentPostprocessing = 0; };
		50E9EA926A650CA35D98307D = {isa = PBXFileReference; lastKnownFileType = sourcecode.swift; path = RenderScene.swift; sourceTree = "<group>"; };
		5236B3F341614F4896769B22 = {isa = PBXFileReference; lastKnownFileType = sourcecode.swift; path = ServerProfile.swift; sourceTree = "<group>"; };
		5462B5D6E685CA12F50F47C0 = {isa = PBXBuildFile; fileRef = 1FB181304863C00441BEE154 /* ItemDefs.swift */; };
		56C91A2872FEC1CC7C210E7A = {isa = PBXFileReference; lastKnownFileType = sourcecode.swift; path = Props.swift; sourceTree = "<group>"; };
		5B4DAAD31EF3E28DD2DA3CE3 = {isa = PBXBuildFile; fileRef = F760B41330C62EF8E4BF6D2D /* Terrain.swift */; };
		5BDCB839798F5AB33F519E2A = {isa = PBXFileReference; lastKnownFileType = sourcecode.swift; path = GameViewController.swift; sourceTree = "<group>"; };
		5C23C28F4C40CA075BA9F8C4 = {isa = PBXBuildFile; fileRef = F74AE4F28F3E063A8D4532C6 /* Cinematic.swift */; };
		617254199EA4DA98C5C60B57 = {isa = PBXBuildFile; fileRef = 5BDCB839798F5AB33F519E2A /* GameViewController.swift */; };
		62CF4EEF1CCC88E4E0427FF0 = {isa = PBXBuildFile; fileRef = C3A65B665A262600F22D1931 /* WorldGenerator.swift */; };
		647E7164A06FF71518326D10 = {isa = PBXGroup; children = (219124689EBA905EA819C200, 6E8218F3A459027E9AD9827C, ECB43ECCE001CDB870CF9E96, ADCDC5096978692317FDD0DB, 651729DE3FB7A91572BD8283, 97000D615AAD77D7E7F878B3, 50E9EA926A650CA35D98307D, 915A8F5B1F3D78952FD34D9B, 8C3453694395C0CF5C89BBBA); path = Core; sourceTree = "<group>"; };
		651729DE3FB7A91572BD8283 = {isa = PBXFileReference; lastKnownFileType = sourcecode.swift; path = Noise.swift; sourceTree = "<group>"; };
		66EA428F7E3AEC9FF0A964D5 = {isa = PBXBuildFile; fileRef = 89BE45292D50A218185F2BE0 /* HUDView.swift */; };
		67E0D469B32AD9FB81DF41E8 = {isa = PBXBuildFile; fileRef = FEECA1D604CB64AF3740596E /* Furniture.swift */; };
		6AFE22E70BE079CBB63426F8 = {isa = XCBuildConfiguration; buildSettings = {ALWAYS_SEARCH_USER_PATHS = NO; CLANG_ENABLE_MODULES = YES; CLANG_ENABLE_OBJC_ARC = YES; COPY_PHASE_STRIP = NO; ENABLE_STRICT_OBJC_MSGSEND = YES; GCC_NO_COMMON_BLOCKS = YES; IPHONEOS_DEPLOYMENT_TARGET = 16.0; MTL_FAST_MATH = YES; SDKROOT = iphoneos; SWIFT_VERSION = 5.0; DEBUG_INFORMATION_FORMAT = "dwarf-with-dsym"; ENABLE_NS_ASSERTIONS = NO; MTL_ENABLE_DEBUG_INFO = NO; SWIFT_COMPILATION_MODE = wholemodule; SWIFT_OPTIMIZATION_LEVEL = "-O"; VALIDATE_PRODUCT = YES;}; name = Release; };
		6E7302FD251F5DA499080ADB = {isa = PBXBuildFile; fileRef = 651729DE3FB7A91572BD8283 /* Noise.swift */; };
		6E8218F3A459027E9AD9827C = {isa = PBXFileReference; lastKnownFileType = sourcecode.swift; path = Math.swift; sourceTree = "<group>"; };
		6F5DBAE8CC3BCE68DC222F86 = {isa = PBXBuildFile; fileRef = 5236B3F341614F4896769B22 /* ServerProfile.swift */; };
		72AA42C1FE0A188891611E5A = {isa = PBXFileReference; lastKnownFileType = sourcecode.swift; path = Particles.swift; sourceTree = "<group>"; };
		747658467294CDAD3A9B2E45 = {isa = PBXFileReference; lastKnownFileType = sourcecode.swift; path = InventoryView.swift; sourceTree = "<group>"; };
		754AA3BCD2722C00048B4D50 = {isa = PBXFileReference; lastKnownFileType = sourcecode.swift; path = Sound.swift; sourceTree = "<group>"; };
		761924035A6ABF32E75262E7 = {isa = PBXBuildFile; fileRef = 450E8BF89DF74F8A59D6A5E5 /* Inventory.swift */; };
		77DB4ABCFF467B218E362116 = {isa = PBXBuildFile; fileRef = 0550D1C5FFB6EB721F13ED40 /* ItemIcons.swift */; };
		7862EB145E8393ADF93DE86A = {isa = PBXBuildFile; fileRef = 50E9EA926A650CA35D98307D /* RenderScene.swift */; };
		79C04FA19A4070207322C976 = {isa = PBXFileReference; lastKnownFileType = sourcecode.swift; path = World.swift; sourceTree = "<group>"; };
		800C721C10BB428FF1AAE38E = {isa = PBXBuildFile; fileRef = 8FBAB42CC03300A5DFA959D5 /* Game.swift */; };
		802B4E70BF25E0A6768A0A90 = {isa = PBXBuildFile; fileRef = ECB43ECCE001CDB870CF9E96 /* MeshBuilder.swift */; };
		83E1D28EAE0700A9804A5CC7 = {isa = PBXFileReference; lastKnownFileType = sourcecode.swift; path = SaveSystem.swift; sourceTree = "<group>"; };
		84BB5B85AF892E3883E288D1 = {isa = PBXFileReference; lastKnownFileType = sourcecode.swift; path = GameItems.swift; sourceTree = "<group>"; };
		85B1A27296C093411E687733 = {isa = PBXFileReference; lastKnownFileType = sourcecode.swift; path = Navigation.swift; sourceTree = "<group>"; };
		85E512AB2C47C7D82E84B346 = {isa = PBXBuildFile; fileRef = B330996D203EC41DEA9A6579 /* ItemVisuals.swift */; };
		8668ED08E8535986A57FA16B = {isa = XCBuildConfiguration; buildSettings = {ASSETCATALOG_COMPILER_APPICON_NAME = AppIcon; CODE_SIGN_STYLE = Automatic; CURRENT_PROJECT_VERSION = 1; DEVELOPMENT_TEAM = ""; ENABLE_PREVIEWS = NO; GENERATE_INFOPLIST_FILE = NO; INFOPLIST_FILE = Ashvale/App/Info.plist; IPHONEOS_DEPLOYMENT_TARGET = 16.0; LD_RUNPATH_SEARCH_PATHS = ("$(inherited)", "@executable_path/Frameworks"); MARKETING_VERSION = 0.1; PRODUCT_BUNDLE_IDENTIFIER = com.dvirgolan123.ashvale; PRODUCT_NAME = "$(TARGET_NAME)"; SDKROOT = iphoneos; SUPPORTED_PLATFORMS = "iphoneos iphonesimulator"; SUPPORTS_MACCATALYST = NO; SUPPORTS_MAC_DESIGNED_FOR_IPHONE_IPAD = NO; SUPPORTS_XR_DESIGNED_FOR_IPHONE_IPAD = NO; SWIFT_EMIT_LOC_STRINGS = NO; SWIFT_VERSION = 5.0; TARGETED_DEVICE_FAMILY = 1;}; name = Release; };
		89BE45292D50A218185F2BE0 = {isa = PBXFileReference; lastKnownFileType = sourcecode.swift; path = HUDView.swift; sourceTree = "<group>"; };
		8BFB934BFB2BCC8CB3E2A4A6 = {isa = PBXGroup; children = (D4D4B55F11B13A694752899F); path = Audio; sourceTree = "<group>"; };
		8C3453694395C0CF5C89BBBA = {isa = PBXFileReference; lastKnownFileType = sourcecode.swift; path = TextureFactory.swift; sourceTree = "<group>"; };
		8FBAB42CC03300A5DFA959D5 = {isa = PBXFileReference; lastKnownFileType = sourcecode.swift; path = Game.swift; sourceTree = "<group>"; };
		915A8F5B1F3D78952FD34D9B = {isa = PBXFileReference; lastKnownFileType = sourcecode.swift; path = ShaderTypes.swift; sourceTree = "<group>"; };
		93358AF56E92CA6AD01F1970 = {isa = PBXGroup; children = (5BDCB839798F5AB33F519E2A, B43E8A7764A3957A889A5D07, 89BE45292D50A218185F2BE0, 747658467294CDAD3A9B2E45, 0550D1C5FFB6EB721F13ED40, B5CB0F32F33C37DE4DBDFA79, C30B292CFBA8C725EA0C9CDB, 375C1AC18D9A4E3E41E0459B, 1FE5B80959EB50CB9A6802B5); path = UI; sourceTree = "<group>"; };
		97000D615AAD77D7E7F878B3 = {isa = PBXFileReference; lastKnownFileType = sourcecode.swift; path = Random.swift; sourceTree = "<group>"; };
		970F41BF3DA3E2A89236293D = {isa = PBXBuildFile; fileRef = 83E1D28EAE0700A9804A5CC7 /* SaveSystem.swift */; };
		97490C7C1740811AA2960FAF = {isa = PBXBuildFile; fileRef = 754AA3BCD2722C00048B4D50 /* Sound.swift */; };
		98AA3D7BB0B9A1E8F1620929 = {isa = PBXBuildFile; fileRef = 6E8218F3A459027E9AD9827C /* Math.swift */; };
		99417AE3BA74B3D532B21108 = {isa = PBXFileReference; lastKnownFileType = sourcecode.swift; path = AI.swift; sourceTree = "<group>"; };
		99E79D3AEA9B93334BE5F228 = {isa = PBXFileReference; lastKnownFileType = sourcecode.swift; path = ChunkMesher.swift; sourceTree = "<group>"; };
		9A1BB25C8435B20EF24690C4 = {isa = PBXBuildFile; fileRef = C30B292CFBA8C725EA0C9CDB /* SettingsView.swift */; };
		9DC2A51B6183634F2E838382 = {isa = PBXBuildFile; fileRef = 99417AE3BA74B3D532B21108 /* AI.swift */; };
		A13340F8919DB32C37717318 = {isa = PBXBuildFile; fileRef = DCB6D8DA7560A2F3B54C1725 /* CollisionWorld.swift */; };
		A1806D8FE767B99D399E13F3 = {isa = XCConfigurationList; buildConfigurations = (D48F58F8CA231B2301441318, 6AFE22E70BE079CBB63426F8); defaultConfigurationIsVisible = 0; defaultConfigurationName = Release; };
		A2BEFD17C4502B98D10F1BB7 = {isa = PBXBuildFile; fileRef = 178EF82085F6AE78E2759C7A /* PlayerController.swift */; };
		A3394091DC9F8D98603FDEB5 = {isa = PBXFileReference; lastKnownFileType = sourcecode.swift; path = BuildingTypes.swift; sourceTree = "<group>"; };
		A65EA07758EE93FEA711C5A8 = {isa = PBXBuildFile; fileRef = ABB7AF93E292AE00497DACBB /* Vegetation.swift */; };
		A6F1366128D458596EF06A69 = {isa = PBXBuildFile; fileRef = 33570F21A5B3120640980B82 /* WorldTypes.swift */; };
		A7E14A8A2716FF2A2E1A4661 = {isa = PBXFileReference; lastKnownFileType = sourcecode.metal; path = Shaders.metal; sourceTree = "<group>"; };
		ABB7AF93E292AE00497DACBB = {isa = PBXFileReference; lastKnownFileType = sourcecode.swift; path = Vegetation.swift; sourceTree = "<group>"; };
		ACEB1368B8DC6E883C489FEE = {isa = PBXGroup; children = (F74AE4F28F3E063A8D4532C6, 0E57EAB75C0EAD58D868AEDE, 8FBAB42CC03300A5DFA959D5, D3F2F4F6E0161A664F0F1BD0, 84BB5B85AF892E3883E288D1, 343447EB268B283A9C47A954, 72AA42C1FE0A188891611E5A, 83E1D28EAE0700A9804A5CC7, 5236B3F341614F4896769B22, 754AA3BCD2722C00048B4D50); path = Systems; sourceTree = "<group>"; };
		ADCDC5096978692317FDD0DB = {isa = PBXFileReference; lastKnownFileType = sourcecode.swift; path = MeshRegistry.swift; sourceTree = "<group>"; };
		B0237D3616875AAE4DBEE4A3 = {isa = PBXBuildFile; fileRef = DCE498C0536AFA6C6A77EB68 /* Assets.xcassets */; };
		B2D05955AB0A7A07B75AF11B = {isa = PBXBuildFile; fileRef = 8C3453694395C0CF5C89BBBA /* TextureFactory.swift */; };
		B330996D203EC41DEA9A6579 = {isa = PBXFileReference; lastKnownFileType = sourcecode.swift; path = ItemVisuals.swift; sourceTree = "<group>"; };
		B43E8A7764A3957A889A5D07 = {isa = PBXFileReference; lastKnownFileType = sourcecode.swift; path = HUDBinding.swift; sourceTree = "<group>"; };
		B4BB3B10260BF62B2745545E = {isa = PBXBuildFile; fileRef = 059B4902FCCDF9C76E07C689 /* CharacterRig.swift */; };
		B4DD0C2A659313B32D91B3A0 = {isa = PBXBuildFile; fileRef = 56C91A2872FEC1CC7C210E7A /* Props.swift */; };
		B5CB0F32F33C37DE4DBDFA79 = {isa = PBXFileReference; lastKnownFileType = sourcecode.swift; path = MenuViews.swift; sourceTree = "<group>"; };
		B5DFE775031D63DB94B54D0C = {isa = PBXBuildFile; fileRef = 4716FE163C88C0B1D264D0B5 /* GPUResources.swift */; };
		BBCA743C8FAF47BC17EADFA7 = {isa = PBXBuildFile; fileRef = 0E57EAB75C0EAD58D868AEDE /* Environment.swift */; };
		C18F88D444D8FE65E18D39E9 = {isa = PBXFrameworksBuildPhase; buildActionMask = 2147483647; files = (); runOnlyForDeploymentPostprocessing = 0; };
		C30B292CFBA8C725EA0C9CDB = {isa = PBXFileReference; lastKnownFileType = sourcecode.swift; path = SettingsView.swift; sourceTree = "<group>"; };
		C3A65B665A262600F22D1931 = {isa = PBXFileReference; lastKnownFileType = sourcecode.swift; path = WorldGenerator.swift; sourceTree = "<group>"; };
		C3CB3D43C83A9FC37EF3636B = {isa = PBXBuildFile; fileRef = D71D75F3AC0634914D984E98 /* WorldItems.swift */; };
		C4D5163706E5908DC9E032F3 = {isa = PBXSourcesBuildPhase; buildActionMask = 2147483647; files = (15FF83B2F6609227468FC32A /* AppDelegate.swift in Sources */, FAD5D28654990A5463FFC64B /* SceneDelegate.swift in Sources */, E58636FE23D713E94F5FC613 /* AudioEngine.swift in Sources */, CE50A3F068B9752A54BC4CB3 /* Geometry.swift in Sources */, 98AA3D7BB0B9A1E8F1620929 /* Math.swift in Sources */, 802B4E70BF25E0A6768A0A90 /* MeshBuilder.swift in Sources */, F5B9A05F17988F35407CAA52 /* MeshRegistry.swift in Sources */, 6E7302FD251F5DA499080ADB /* Noise.swift in Sources */, D97BC306B05861494B5D1AB8 /* Random.swift in Sources */, 7862EB145E8393ADF93DE86A /* RenderScene.swift in Sources */, D3A21A2B932D1010C48F13F1 /* ShaderTypes.swift in Sources */, B2D05955AB0A7A07B75AF11B /* TextureFactory.swift in Sources */, 9DC2A51B6183634F2E838382 /* AI.swift in Sources */, B4BB3B10260BF62B2745545E /* CharacterRig.swift in Sources */, 4318AA3EB565C91A40491636 /* Player.swift in Sources */, A2BEFD17C4502B98D10F1BB7 /* PlayerController.swift in Sources */, C6EB0908593134DD62730FF6 /* Survival.swift in Sources */, 761924035A6ABF32E75262E7 /* Inventory.swift in Sources */, 5462B5D6E685CA12F50F47C0 /* ItemDefs.swift in Sources */, 85E512AB2C47C7D82E84B346 /* ItemVisuals.swift in Sources */, C3CB3D43C83A9FC37EF3636B /* WorldItems.swift in Sources */, B5DFE775031D63DB94B54D0C /* GPUResources.swift in Sources */, 196A56440253CC63C09C0BE9 /* Renderer.swift in Sources */, D0D04D870791C27D62056096 /* Shaders.metal in Sources */, 5C23C28F4C40CA075BA9F8C4 /* Cinematic.swift in Sources */, BBCA743C8FAF47BC17EADFA7 /* Environment.swift in Sources */, 800C721C10BB428FF1AAE38E /* Game.swift in Sources */, D1F6587604F1441C4A0F1243 /* GameCombat.swift in Sources */, 41EFDE766E814C51CA45CD53 /* GameItems.swift in Sources */, D50D6777AE345603DC4A54E5 /* Input.swift in Sources */, 1CABC44BC8F30A1282A6B7AE /* Particles.swift in Sources */, 970F41BF3DA3E2A89236293D /* SaveSystem.swift in Sources */, 6F5DBAE8CC3BCE68DC222F86 /* ServerProfile.swift in Sources */, 97490C7C1740811AA2960FAF /* Sound.swift in Sources */, 617254199EA4DA98C5C60B57 /* GameViewController.swift in Sources */, D26E14487BB2484B19396086 /* HUDBinding.swift in Sources */, 66EA428F7E3AEC9FF0A964D5 /* HUDView.swift in Sources */, E857895872C91C35EFE66690 /* InventoryView.swift in Sources */, 77DB4ABCFF467B218E362116 /* ItemIcons.swift in Sources */, 1B086423224ADE61952916EF /* MenuViews.swift in Sources */, 9A1BB25C8435B20EF24690C4 /* SettingsView.swift in Sources */, F2D948965822F8682524D021 /* Theme.swift in Sources */, E6BD701BC4B86FE70B8CE0AB /* TouchControls.swift in Sources */, 353BBAA7F6FD8012D98575C7 /* BuildingKit.swift in Sources */, 230D832E24A5D8146CDFCC1E /* BuildingTypes.swift in Sources */, F7EF10985E03F477372B8E96 /* ChunkMesher.swift in Sources */, A13340F8919DB32C37717318 /* CollisionWorld.swift in Sources */, 67E0D469B32AD9FB81DF41E8 /* Furniture.swift in Sources */, D31B254D90C3D119C1D47230 /* Navigation.swift in Sources */, B4DD0C2A659313B32D91B3A0 /* Props.swift in Sources */, 5B4DAAD31EF3E28DD2DA3CE3 /* Terrain.swift in Sources */, A65EA07758EE93FEA711C5A8 /* Vegetation.swift in Sources */, CE41B9A23312A4FF725D7BDA /* World.swift in Sources */, 62CF4EEF1CCC88E4E0427FF0 /* WorldGenerator.swift in Sources */, A6F1366128D458596EF06A69 /* WorldTypes.swift in Sources */); runOnlyForDeploymentPostprocessing = 0; };
		C6EB0908593134DD62730FF6 = {isa = PBXBuildFile; fileRef = 1E7BF12D3B6E3240F6B7E375 /* Survival.swift */; };
		CE41B9A23312A4FF725D7BDA = {isa = PBXBuildFile; fileRef = 79C04FA19A4070207322C976 /* World.swift */; };
		CE50A3F068B9752A54BC4CB3 = {isa = PBXBuildFile; fileRef = 219124689EBA905EA819C200 /* Geometry.swift */; };
		D0D04D870791C27D62056096 = {isa = PBXBuildFile; fileRef = A7E14A8A2716FF2A2E1A4661 /* Shaders.metal */; };
		D1F6587604F1441C4A0F1243 = {isa = PBXBuildFile; fileRef = D3F2F4F6E0161A664F0F1BD0 /* GameCombat.swift */; };
		D26E14487BB2484B19396086 = {isa = PBXBuildFile; fileRef = B43E8A7764A3957A889A5D07 /* HUDBinding.swift */; };
		D31B254D90C3D119C1D47230 = {isa = PBXBuildFile; fileRef = 85B1A27296C093411E687733 /* Navigation.swift */; };
		D3A21A2B932D1010C48F13F1 = {isa = PBXBuildFile; fileRef = 915A8F5B1F3D78952FD34D9B /* ShaderTypes.swift */; };
		D3F2F4F6E0161A664F0F1BD0 = {isa = PBXFileReference; lastKnownFileType = sourcecode.swift; path = GameCombat.swift; sourceTree = "<group>"; };
		D48F58F8CA231B2301441318 = {isa = XCBuildConfiguration; buildSettings = {ALWAYS_SEARCH_USER_PATHS = NO; CLANG_ENABLE_MODULES = YES; CLANG_ENABLE_OBJC_ARC = YES; COPY_PHASE_STRIP = NO; ENABLE_STRICT_OBJC_MSGSEND = YES; GCC_NO_COMMON_BLOCKS = YES; IPHONEOS_DEPLOYMENT_TARGET = 16.0; MTL_FAST_MATH = YES; SDKROOT = iphoneos; SWIFT_VERSION = 5.0; DEBUG_INFORMATION_FORMAT = dwarf; ENABLE_TESTABILITY = YES; GCC_OPTIMIZATION_LEVEL = 0; GCC_PREPROCESSOR_DEFINITIONS = ("DEBUG=1", "$(inherited)"); MTL_ENABLE_DEBUG_INFO = INCLUDE_SOURCE; ONLY_ACTIVE_ARCH = YES; SWIFT_ACTIVE_COMPILATION_CONDITIONS = DEBUG; SWIFT_OPTIMIZATION_LEVEL = "-O";}; name = Debug; };
		D4D4B55F11B13A694752899F = {isa = PBXFileReference; lastKnownFileType = sourcecode.swift; path = AudioEngine.swift; sourceTree = "<group>"; };
		D50D6777AE345603DC4A54E5 = {isa = PBXBuildFile; fileRef = 343447EB268B283A9C47A954 /* Input.swift */; };
		D71D75F3AC0634914D984E98 = {isa = PBXFileReference; lastKnownFileType = sourcecode.swift; path = WorldItems.swift; sourceTree = "<group>"; };
		D97BC306B05861494B5D1AB8 = {isa = PBXBuildFile; fileRef = 97000D615AAD77D7E7F878B3 /* Random.swift */; };
		DCB6D8DA7560A2F3B54C1725 = {isa = PBXFileReference; lastKnownFileType = sourcecode.swift; path = CollisionWorld.swift; sourceTree = "<group>"; };
		DCE498C0536AFA6C6A77EB68 = {isa = PBXFileReference; lastKnownFileType = folder.assetcatalog; path = Assets.xcassets; sourceTree = "<group>"; };
		E58636FE23D713E94F5FC613 = {isa = PBXBuildFile; fileRef = D4D4B55F11B13A694752899F /* AudioEngine.swift */; };
		E6BD701BC4B86FE70B8CE0AB = {isa = PBXBuildFile; fileRef = 1FE5B80959EB50CB9A6802B5 /* TouchControls.swift */; };
		E857895872C91C35EFE66690 = {isa = PBXBuildFile; fileRef = 747658467294CDAD3A9B2E45 /* InventoryView.swift */; };
		ECB43ECCE001CDB870CF9E96 = {isa = PBXFileReference; lastKnownFileType = sourcecode.swift; path = MeshBuilder.swift; sourceTree = "<group>"; };
		F2D948965822F8682524D021 = {isa = PBXBuildFile; fileRef = 375C1AC18D9A4E3E41E0459B /* Theme.swift */; };
		F4F17781E5A1B69C46CAC125 = {isa = PBXGroup; children = (A7E14A8A2716FF2A2E1A4661); path = Shaders; sourceTree = "<group>"; };
		F5B9A05F17988F35407CAA52 = {isa = PBXBuildFile; fileRef = ADCDC5096978692317FDD0DB /* MeshRegistry.swift */; };
		F5BF48AA40CAD7891EB709FC = {isa = PBXFileReference; explicitFileType = wrapper.application; includeInIndex = 0; path = Ashvale.app; sourceTree = BUILT_PRODUCTS_DIR; };
		F74AE4F28F3E063A8D4532C6 = {isa = PBXFileReference; lastKnownFileType = sourcecode.swift; path = Cinematic.swift; sourceTree = "<group>"; };
		F760B41330C62EF8E4BF6D2D = {isa = PBXFileReference; lastKnownFileType = sourcecode.swift; path = Terrain.swift; sourceTree = "<group>"; };
		F7EF10985E03F477372B8E96 = {isa = PBXBuildFile; fileRef = 99E79D3AEA9B93334BE5F228 /* ChunkMesher.swift */; };
		FAD5D28654990A5463FFC64B = {isa = PBXBuildFile; fileRef = 1DAE09A7ED8A45C08A653838 /* SceneDelegate.swift */; };
		FD47D864D01C7517BB0203EE = {isa = PBXFileReference; lastKnownFileType = sourcecode.swift; path = Renderer.swift; sourceTree = "<group>"; };
		FEECA1D604CB64AF3740596E = {isa = PBXFileReference; lastKnownFileType = sourcecode.swift; path = Furniture.swift; sourceTree = "<group>"; };
		FF064009BFBAE8E986428C4F = {isa = XCConfigurationList; buildConfigurations = (41EC14BFA61A85B336E4F999, 8668ED08E8535986A57FA16B); defaultConfigurationIsVisible = 0; defaultConfigurationName = Release; };
	};
	rootObject = 08DA56EB35E23AE0801F3D95;
}
